{
  "originHash" : "6eb1cde575b8c25cfa95028542ad01c3c4d84a522c587d73be600a3bdd7ae1cc",
  "pins" : [
    {
      "identity" : "spline-ios",
      "kind" : "remoteSourceControl",
      "location" : "https://github.com/splinetool/spline-ios",
      "state" : {
        "branch" : "main",
        "revision" : "0a532b837febe583265dad7565f719d743225912"
      }
    }
  ],
  "version" : 3
}
