// !$*UTF8*$!
{
	archiveVersion = 1;
	classes = {
	};
	objectVersion = 56;
	objects = {

/* Begin PBXBuildFile section */
		203267F82BE7EC1B00E68A76 /* EventModel.swift in Sources */ = {isa = PBXBuildFile; fileRef = 203267F72BE7EC1B00E68A76 /* EventModel.swift */; };
		203267FA2BE7ECDB00E68A76 /* ScoreViewModel.swift in Sources */ = {isa = PBXBuildFile; fileRef = 203267F92BE7ECDB00E68A76 /* ScoreViewModel.swift */; };
		20CA90432BE69AD600E74656 /* Club_PetanqueApp.swift in Sources */ = {isa = PBXBuildFile; fileRef = 20CA90422BE69AD600E74656 /* Club_PetanqueApp.swift */; };
		20CA90452BE69AD600E74656 /* ContentView.swift in Sources */ = {isa = PBXBuildFile; fileRef = 20CA90442BE69AD600E74656 /* ContentView.swift */; };
		20CA90472BE69AD700E74656 /* Assets.xcassets in Resources */ = {isa = PBXBuildFile; fileRef = 20CA90462BE69AD700E74656 /* Assets.xcassets */; };
		20CA904A2BE69AD700E74656 /* Preview Assets.xcassets in Resources */ = {isa = PBXBuildFile; fileRef = 20CA90492BE69AD700E74656 /* Preview Assets.xcassets */; };
		20CA90572BE6CF8000E74656 /* ScoreView.swift in Sources */ = {isa = PBXBuildFile; fileRef = 20CA90562BE6CF8000E74656 /* ScoreView.swift */; };
		20CA905B2BE6D0C400E74656 /* TrophyView.swift in Sources */ = {isa = PBXBuildFile; fileRef = 20CA905A2BE6D0C400E74656 /* TrophyView.swift */; };
		20CA90602BE786C500E74656 /* SplineRuntime in Frameworks */ = {isa = PBXBuildFile; productRef = 20CA905F2BE786C500E74656 /* SplineRuntime */; };
		20FAAA042BEFF34800DD1FDF /* TrophyViewModel.swift in Sources */ = {isa = PBXBuildFile; fileRef = 20FAAA032BEFF34800DD1FDF /* TrophyViewModel.swift */; };
		20FAAA062BEFF68200DD1FDF /* Keys.xcconfig in Resources */ = {isa = PBXBuildFile; fileRef = 20FAAA052BEFF4EF00DD1FDF /* Keys.xcconfig */; };
		20FAAA0B2BF012E500DD1FDF /* DimentialTrophy.swift in Sources */ = {isa = PBXBuildFile; fileRef = 20FAAA0A2BF012E500DD1FDF /* DimentialTrophy.swift */; };
/* End PBXBuildFile section */

/* Begin PBXFileReference section */
		203267F72BE7EC1B00E68A76 /* EventModel.swift */ = {isa = PBXFileReference; lastKnownFileType = sourcecode.swift; path = EventModel.swift; sourceTree = "<group>"; };
		203267F92BE7ECDB00E68A76 /* ScoreViewModel.swift */ = {isa = PBXFileReference; lastKnownFileType = sourcecode.swift; path = ScoreViewModel.swift; sourceTree = "<group>"; };
		20CA903F2BE69AD600E74656 /* Club Petanque.app */ = {isa = PBXFileReference; explicitFileType = wrapper.application; includeInIndex = 0; path = "Club Petanque.app"; sourceTree = BUILT_PRODUCTS_DIR; };
		20CA90422BE69AD600E74656 /* Club_PetanqueApp.swift */ = {isa = PBXFileReference; lastKnownFileType = sourcecode.swift; path = Club_PetanqueApp.swift; sourceTree = "<group>"; };
		20CA90442BE69AD600E74656 /* ContentView.swift */ = {isa = PBXFileReference; lastKnownFileType = sourcecode.swift; path = ContentView.swift; sourceTree = "<group>"; };
		20CA90462BE69AD700E74656 /* Assets.xcassets */ = {isa = PBXFileReference; lastKnownFileType = folder.assetcatalog; path = Assets.xcassets; sourceTree = "<group>"; };
		20CA90492BE69AD700E74656 /* Preview Assets.xcassets */ = {isa = PBXFileReference; lastKnownFileType = folder.assetcatalog; path = "Preview Assets.xcassets"; sourceTree = "<group>"; };
		20CA90562BE6CF8000E74656 /* ScoreView.swift */ = {isa = PBXFileReference; lastKnownFileType = sourcecode.swift; path = ScoreView.swift; sourceTree = "<group>"; };
		20CA905A2BE6D0C400E74656 /* TrophyView.swift */ = {isa = PBXFileReference; lastKnownFileType = sourcecode.swift; path = TrophyView.swift; sourceTree = "<group>"; };
		20FAAA032BEFF34800DD1FDF /* TrophyViewModel.swift */ = {isa = PBXFileReference; lastKnownFileType = sourcecode.swift; path = TrophyViewModel.swift; sourceTree = "<group>"; };
		20FAAA052BEFF4EF00DD1FDF /* Keys.xcconfig */ = {isa = PBXFileReference; lastKnownFileType = text.xcconfig; path = Keys.xcconfig; sourceTree = "<group>"; };
		20FAAA072BEFF71B00DD1FDF /* Club-Petanque-Info.plist */ = {isa = PBXFileReference; lastKnownFileType = text.plist; path = "Club-Petanque-Info.plist"; sourceTree = SOURCE_ROOT; };
		20FAAA0A2BF012E500DD1FDF /* DimentialTrophy.swift */ = {isa = PBXFileReference; lastKnownFileType = sourcecode.swift; path = DimentialTrophy.swift; sourceTree = "<group>"; };
/* End PBXFileReference section */

/* Begin PBXFrameworksBuildPhase section */
		20CA903C2BE69AD600E74656 /* Frameworks */ = {
			isa = PBXFrameworksBuildPhase;
			buildActionMask = 2147483647;
			files = (
				20CA90602BE786C500E74656 /* SplineRuntime in Frameworks */,
			);
			runOnlyForDeploymentPostprocessing = 0;
		};
/* End PBXFrameworksBuildPhase section */

/* Begin PBXGroup section */
		20CA90362BE69AD600E74656 = {
			isa = PBXGroup;
			children = (
				20CA90412BE69AD600E74656 /* Club Petanque */,
				20CA90402BE69AD600E74656 /* Products */,
			);
			sourceTree = "<group>";
		};
		20CA90402BE69AD600E74656 /* Products */ = {
			isa = PBXGroup;
			children = (
				20CA903F2BE69AD600E74656 /* Club Petanque.app */,
			);
			name = Products;
			sourceTree = "<group>";
		};
		20CA90412BE69AD600E74656 /* Club Petanque */ = {
			isa = PBXGroup;
			children = (
				20FAAA072BEFF71B00DD1FDF /* Club-Petanque-Info.plist */,
				20CA90422BE69AD600E74656 /* Club_PetanqueApp.swift */,
				20CA90442BE69AD600E74656 /* ContentView.swift */,
				20CA905A2BE6D0C400E74656 /* TrophyView.swift */,
				20FAAA0A2BF012E500DD1FDF /* DimentialTrophy.swift */,
				20CA90562BE6CF8000E74656 /* ScoreView.swift */,
				20FAAA092BEFFEB900DD1FDF /* Models */,
				20FAAA082BEFFEA500DD1FDF /* ViewModels */,
				20FAAA052BEFF4EF00DD1FDF /* Keys.xcconfig */,
				20CA90462BE69AD700E74656 /* Assets.xcassets */,
				20CA90482BE69AD700E74656 /* Preview Content */,
			);
			path = "Club Petanque";
			sourceTree = "<group>";
		};
		20CA90482BE69AD700E74656 /* Preview Content */ = {
			isa = PBXGroup;
			children = (
				20CA90492BE69AD700E74656 /* Preview Assets.xcassets */,
			);
			path = "Preview Content";
			sourceTree = "<group>";
		};
		20FAAA082BEFFEA500DD1FDF /* ViewModels */ = {
			isa = PBXGroup;
			children = (
				20FAAA032BEFF34800DD1FDF /* TrophyViewModel.swift */,
				203267F92BE7ECDB00E68A76 /* ScoreViewModel.swift */,
			);
			path = ViewModels;
			sourceTree = "<group>";
		};
		20FAAA092BEFFEB900DD1FDF /* Models */ = {
			isa = PBXGroup;
			children = (
				203267F72BE7EC1B00E68A76 /* EventModel.swift */,
			);
			path = Models;
			sourceTree = "<group>";
		};
/* End PBXGroup section */

/* Begin PBXNativeTarget section */
		20CA903E2BE69AD600E74656 /* Club Petanque */ = {
			isa = PBXNativeTarget;
			buildConfigurationList = 20CA904D2BE69AD700E74656 /* Build configuration list for PBXNativeTarget "Club Petanque" */;
			buildPhases = (
				20CA903B2BE69AD600E74656 /* Sources */,
				20CA903C2BE69AD600E74656 /* Frameworks */,
				20CA903D2BE69AD600E74656 /* Resources */,
			);
			buildRules = (
			);
			dependencies = (
			);
			name = "Club Petanque";
			packageProductDependencies = (
				20CA905F2BE786C500E74656 /* SplineRuntime */,
			);
			productName = "Club Petanque";
			productReference = 20CA903F2BE69AD600E74656 /* Club Petanque.app */;
			productType = "com.apple.product-type.application";
		};
/* End PBXNativeTarget section */

/* Begin PBXProject section */
		20CA90372BE69AD600E74656 /* Project object */ = {
			isa = PBXProject;
			attributes = {
				BuildIndependentTargetsInParallel = 1;
				LastSwiftUpdateCheck = 1530;
				LastUpgradeCheck = 1530;
				TargetAttributes = {
					20CA903E2BE69AD600E74656 = {
						CreatedOnToolsVersion = 15.3;
					};
				};
			};
			buildConfigurationList = 20CA903A2BE69AD600E74656 /* Build configuration list for PBXProject "Club Petanque" */;
			compatibilityVersion = "Xcode 14.0";
			developmentRegion = en;
			hasScannedForEncodings = 0;
			knownRegions = (
				en,
				Base,
			);
			mainGroup = 20CA90362BE69AD600E74656;
			packageReferences = (
				20CA905E2BE786C500E74656 /* XCRemoteSwiftPackageReference "spline-ios" */,
			);
			productRefGroup = 20CA90402BE69AD600E74656 /* Products */;
			projectDirPath = "";
			projectRoot = "";
			targets = (
				20CA903E2BE69AD600E74656 /* Club Petanque */,
			);
		};
/* End PBXProject section */

/* Begin PBXResourcesBuildPhase section */
		20CA903D2BE69AD600E74656 /* Resources */ = {
			isa = PBXResourcesBuildPhase;
			buildActionMask = 2147483647;
			files = (
				20FAAA062BEFF68200DD1FDF /* Keys.xcconfig in Resources */,
				20CA904A2BE69AD700E74656 /* Preview Assets.xcassets in Resources */,
				20CA90472BE69AD700E74656 /* Assets.xcassets in Resources */,
			);
			runOnlyForDeploymentPostprocessing = 0;
		};
/* End PBXResourcesBuildPhase section */

/* Begin PBXSourcesBuildPhase section */
		20CA903B2BE69AD600E74656 /* Sources */ = {
			isa = PBXSourcesBuildPhase;
			buildActionMask = 2147483647;
			files = (
				20CA90452BE69AD600E74656 /* ContentView.swift in Sources */,
				203267F82BE7EC1B00E68A76 /* EventModel.swift in Sources */,
				20FAAA042BEFF34800DD1FDF /* TrophyViewModel.swift in Sources */,
				203267FA2BE7ECDB00E68A76 /* ScoreViewModel.swift in Sources */,
				20CA90432BE69AD600E74656 /* Club_PetanqueApp.swift in Sources */,
				20FAAA0B2BF012E500DD1FDF /* DimentialTrophy.swift in Sources */,
				20CA905B2BE6D0C400E74656 /* TrophyView.swift in Sources */,
				20CA90572BE6CF8000E74656 /* ScoreView.swift in Sources */,
			);
			runOnlyForDeploymentPostprocessing = 0;
		};
/* End PBXSourcesBuildPhase section */

/* Begin XCBuildConfiguration section */
		20CA904B2BE69AD700E74656 /* Debug */ = {
			isa = XCBuildConfiguration;
			buildSettings = {
				ALWAYS_SEARCH_USER_PATHS = NO;
				ASSETCATALOG_COMPILER_GENERATE_SWIFT_ASSET_SYMBOL_EXTENSIONS = YES;
				CLANG_ANALYZER_NONNULL = YES;
				CLANG_ANALYZER_NUMBER_OBJECT_CONVERSION = YES_AGGRESSIVE;
				CLANG_CXX_LANGUAGE_STANDARD = "gnu++20";
				CLANG_ENABLE_MODULES = YES;
				CLANG_ENABLE_OBJC_ARC = YES;
				CLANG_ENABLE_OBJC_WEAK = YES;
				CLANG_WARN_BLOCK_CAPTURE_AUTORELEASING = YES;
				CLANG_WARN_BOOL_CONVERSION = YES;
				CLANG_WARN_COMMA = YES;
				CLANG_WARN_CONSTANT_CONVERSION = YES;
				CLANG_WARN_DEPRECATED_OBJC_IMPLEMENTATIONS = YES;
				CLANG_WARN_DIRECT_OBJC_ISA_USAGE = YES_ERROR;
				CLANG_WARN_DOCUMENTATION_COMMENTS = YES;
				CLANG_WARN_EMPTY_BODY = YES;
				CLANG_WARN_ENUM_CONVERSION = YES;
				CLANG_WARN_INFINITE_RECURSION = YES;
				CLANG_WARN_INT_CONVERSION = YES;
				CLANG_WARN_NON_LITERAL_NULL_CONVERSION = YES;
				CLANG_WARN_OBJC_IMPLICIT_RETAIN_SELF = YES;
				CLANG_WARN_OBJC_LITERAL_CONVERSION = YES;
				CLANG_WARN_OBJC_ROOT_CLASS = YES_ERROR;
				CLANG_WARN_QUOTED_INCLUDE_IN_FRAMEWORK_HEADER = YES;
				CLANG_WARN_RANGE_LOOP_ANALYSIS = YES;
				CLANG_WARN_STRICT_PROTOTYPES = YES;
				CLANG_WARN_SUSPICIOUS_MOVE = YES;
				CLANG_WARN_UNGUARDED_AVAILABILITY = YES_AGGRESSIVE;
				CLANG_WARN_UNREACHABLE_CODE = YES;
				CLANG_WARN__DUPLICATE_METHOD_MATCH = YES;
				COPY_PHASE_STRIP = NO;
				DEBUG_INFORMATION_FORMAT = dwarf;
				ENABLE_STRICT_OBJC_MSGSEND = YES;
				ENABLE_TESTABILITY = YES;
				ENABLE_USER_SCRIPT_SANDBOXING = YES;
				GCC_C_LANGUAGE_STANDARD = gnu17;
				GCC_DYNAMIC_NO_PIC = NO;
				GCC_NO_COMMON_BLOCKS = YES;
				GCC_OPTIMIZATION_LEVEL = 0;
				GCC_PREPROCESSOR_DEFINITIONS = (
					"DEBUG=1",
					"$(inherited)",
				);
				GCC_WARN_64_TO_32_BIT_CONVERSION = YES;
				GCC_WARN_ABOUT_RETURN_TYPE = YES_ERROR;
				GCC_WARN_UNDECLARED_SELECTOR = YES;
				GCC_WARN_UNINITIALIZED_AUTOS = YES_AGGRESSIVE;
				GCC_WARN_UNUSED_FUNCTION = YES;
				GCC_WARN_UNUSED_VARIABLE = YES;
				IPHONEOS_DEPLOYMENT_TARGET = 17.4;
				LOCALIZATION_PREFERS_STRING_CATALOGS = YES;
				MTL_ENABLE_DEBUG_INFO = INCLUDE_SOURCE;
				MTL_FAST_MATH = YES;
				ONLY_ACTIVE_ARCH = YES;
				SDKROOT = iphoneos;
				SWIFT_ACTIVE_COMPILATION_CONDITIONS = "DEBUG $(inherited)";
				SWIFT_OPTIMIZATION_LEVEL = "-Onone";
			};
			name = Debug;
		};
		20CA904C2BE69AD700E74656 /* Release */ = {
			isa = XCBuildConfiguration;
			buildSettings = {
				ALWAYS_SEARCH_USER_PATHS = NO;
				ASSETCATALOG_COMPILER_GENERATE_SWIFT_ASSET_SYMBOL_EXTENSIONS = YES;
				CLANG_ANALYZER_NONNULL = YES;
				CLANG_ANALYZER_NUMBER_OBJECT_CONVERSION = YES_AGGRESSIVE;
				CLANG_CXX_LANGUAGE_STANDARD = "gnu++20";
				CLANG_ENABLE_MODULES = YES;
				CLANG_ENABLE_OBJC_ARC = YES;
				CLANG_ENABLE_OBJC_WEAK = YES;
				CLANG_WARN_BLOCK_CAPTURE_AUTORELEASING = YES;
				CLANG_WARN_BOOL_CONVERSION = YES;
				CLANG_WARN_COMMA = YES;
				CLANG_WARN_CONSTANT_CONVERSION = YES;
				CLANG_WARN_DEPRECATED_OBJC_IMPLEMENTATIONS = YES;
				CLANG_WARN_DIRECT_OBJC_ISA_USAGE = YES_ERROR;
				CLANG_WARN_DOCUMENTATION_COMMENTS = YES;
				CLANG_WARN_EMPTY_BODY = YES;
				CLANG_WARN_ENUM_CONVERSION = YES;
				CLANG_WARN_INFINITE_RECURSION = YES;
				CLANG_WARN_INT_CONVERSION = YES;
				CLANG_WARN_NON_LITERAL_NULL_CONVERSION = YES;
				CLANG_WARN_OBJC_IMPLICIT_RETAIN_SELF = YES;
				CLANG_WARN_OBJC_LITERAL_CONVERSION = YES;
				CLANG_WARN_OBJC_ROOT_CLASS = YES_ERROR;
				CLANG_WARN_QUOTED_INCLUDE_IN_FRAMEWORK_HEADER = YES;
				CLANG_WARN_RANGE_LOOP_ANALYSIS = YES;
				CLANG_WARN_STRICT_PROTOTYPES = YES;
				CLANG_WARN_SUSPICIOUS_MOVE = YES;
				CLANG_WARN_UNGUARDED_AVAILABILITY = YES_AGGRESSIVE;
				CLANG_WARN_UNREACHABLE_CODE = YES;
				CLANG_WARN__DUPLICATE_METHOD_MATCH = YES;
				COPY_PHASE_STRIP = NO;
				DEBUG_INFORMATION_FORMAT = "dwarf-with-dsym";
				ENABLE_NS_ASSERTIONS = NO;
				ENABLE_STRICT_OBJC_MSGSEND = YES;
				ENABLE_USER_SCRIPT_SANDBOXING = YES;
				GCC_C_LANGUAGE_STANDARD = gnu17;
				GCC_NO_COMMON_BLOCKS = YES;
				GCC_WARN_64_TO_32_BIT_CONVERSION = YES;
				GCC_WARN_ABOUT_RETURN_TYPE = YES_ERROR;
				GCC_WARN_UNDECLARED_SELECTOR = YES;
				GCC_WARN_UNINITIALIZED_AUTOS = YES_AGGRESSIVE;
				GCC_WARN_UNUSED_FUNCTION = YES;
				GCC_WARN_UNUSED_VARIABLE = YES;
				IPHONEOS_DEPLOYMENT_TARGET = 17.4;
				LOCALIZATION_PREFERS_STRING_CATALOGS = YES;
				MTL_ENABLE_DEBUG_INFO = NO;
				MTL_FAST_MATH = YES;
				SDKROOT = iphoneos;
				SWIFT_COMPILATION_MODE = wholemodule;
				VALIDATE_PRODUCT = YES;
			};
			name = Release;
		};
		20CA904E2BE69AD700E74656 /* Debug */ = {
			isa = XCBuildConfiguration;
			baseConfigurationReference = 20FAAA052BEFF4EF00DD1FDF /* Keys.xcconfig */;
			buildSettings = {
				ASSETCATALOG_COMPILER_APPICON_NAME = AppIcon;
				ASSETCATALOG_COMPILER_GLOBAL_ACCENT_COLOR_NAME = AccentColor;
				CODE_SIGN_STYLE = Automatic;
				CURRENT_PROJECT_VERSION = 1;
				DEVELOPMENT_ASSET_PATHS = "\"Club Petanque/Preview Content\"";
				DEVELOPMENT_TEAM = 9Y4U7GC37R;
				ENABLE_PREVIEWS = YES;
				GENERATE_INFOPLIST_FILE = YES;
				INFOPLIST_FILE = "Club-Petanque-Info.plist";
				INFOPLIST_KEY_UIApplicationSceneManifest_Generation = YES;
				INFOPLIST_KEY_UIApplicationSupportsIndirectInputEvents = YES;
				INFOPLIST_KEY_UILaunchScreen_Generation = YES;
				INFOPLIST_KEY_UISupportedInterfaceOrientations_iPad = "UIInterfaceOrientationPortrait UIInterfaceOrientationPortraitUpsideDown UIInterfaceOrientationLandscapeLeft UIInterfaceOrientationLandscapeRight";
				INFOPLIST_KEY_UISupportedInterfaceOrientations_iPhone = "UIInterfaceOrientationPortrait UIInterfaceOrientationLandscapeLeft UIInterfaceOrientationLandscapeRight";
				LD_RUNPATH_SEARCH_PATHS = (
					"$(inherited)",
					"@executable_path/Frameworks",
				);
				MARKETING_VERSION = 1.0;
				PRODUCT_BUNDLE_IDENTIFIER = "com.svidt.Club-Petanque";
				PRODUCT_NAME = "$(TARGET_NAME)";
				SWIFT_EMIT_LOC_STRINGS = YES;
				SWIFT_VERSION = 5.0;
				TARGETED_DEVICE_FAMILY = "1,2";
			};
			name = Debug;
		};
		20CA904F2BE69AD700E74656 /* Release */ = {
			isa = XCBuildConfiguration;
			baseConfigurationReference = 20FAAA052BEFF4EF00DD1FDF /* Keys.xcconfig */;
			buildSettings = {
				ASSETCATALOG_COMPILER_APPICON_NAME = AppIcon;
				ASSETCATALOG_COMPILER_GLOBAL_ACCENT_COLOR_NAME = AccentColor;
				CODE_SIGN_STYLE = Automatic;
				CURRENT_PROJECT_VERSION = 1;
				DEVELOPMENT_ASSET_PATHS = "\"Club Petanque/Preview Content\"";
				DEVELOPMENT_TEAM = 9Y4U7GC37R;
				ENABLE_PREVIEWS = YES;
				GENERATE_INFOPLIST_FILE = YES;
				INFOPLIST_FILE = "Club-Petanque-Info.plist";
				INFOPLIST_KEY_UIApplicationSceneManifest_Generation = YES;
				INFOPLIST_KEY_UIApplicationSupportsIndirectInputEvents = YES;
				INFOPLIST_KEY_UILaunchScreen_Generation = YES;
				INFOPLIST_KEY_UISupportedInterfaceOrientations_iPad = "UIInterfaceOrientationPortrait UIInterfaceOrientationPortraitUpsideDown UIInterfaceOrientationLandscapeLeft UIInterfaceOrientationLandscapeRight";
				INFOPLIST_KEY_UISupportedInterfaceOrientations_iPhone = "UIInterfaceOrientationPortrait UIInterfaceOrientationLandscapeLeft UIInterfaceOrientationLandscapeRight";
				LD_RUNPATH_SEARCH_PATHS = (
					"$(inherited)",
					"@executable_path/Frameworks",
				);
				MARKETING_VERSION = 1.0;
				PRODUCT_BUNDLE_IDENTIFIER = "com.svidt.Club-Petanque";
				PRODUCT_NAME = "$(TARGET_NAME)";
				SWIFT_EMIT_LOC_STRINGS = YES;
				SWIFT_VERSION = 5.0;
				TARGETED_DEVICE_FAMILY = "1,2";
			};
			name = Release;
		};
/* End XCBuildConfiguration section */

/* Begin XCConfigurationList section */
		20CA903A2BE69AD600E74656 /* Build configuration list for PBXProject "Club Petanque" */ = {
			isa = XCConfigurationList;
			buildConfigurations = (
				20CA904B2BE69AD700E74656 /* Debug */,
				20CA904C2BE69AD700E74656 /* Release */,
			);
			defaultConfigurationIsVisible = 0;
			defaultConfigurationName = Release;
		};
		20CA904D2BE69AD700E74656 /* Build configuration list for PBXNativeTarget "Club Petanque" */ = {
			isa = XCConfigurationList;
			buildConfigurations = (
				20CA904E2BE69AD700E74656 /* Debug */,
				20CA904F2BE69AD700E74656 /* Release */,
			);
			defaultConfigurationIsVisible = 0;
			defaultConfigurationName = Release;
		};
/* End XCConfigurationList section */

/* Begin XCRemoteSwiftPackageReference section */
		20CA905E2BE786C500E74656 /* XCRemoteSwiftPackageReference "spline-ios" */ = {
			isa = XCRemoteSwiftPackageReference;
			repositoryURL = "https://github.com/splinetool/spline-ios";
			requirement = {
				branch = main;
				kind = branch;
			};
		};
/* End XCRemoteSwiftPackageReference section */

/* Begin XCSwiftPackageProductDependency section */
		20CA905F2BE786C500E74656 /* SplineRuntime */ = {
			isa = XCSwiftPackageProductDependency;
			package = 20CA905E2BE786C500E74656 /* XCRemoteSwiftPackageReference "spline-ios" */;
			productName = SplineRuntime;
		};
/* End XCSwiftPackageProductDependency section */
	};
	rootObject = 20CA90372BE69AD600E74656 /* Project object */;
}
